
Microsoft Visual Studio Solution File, Format Version 12.00
# Visual Studio 15
VisualStudioVersion = 15.0.27703.2035
MinimumVisualStudioVersion = 10.0.40219.1
Project("{9A19103F-16F7-4668-BE54-9A1E7A4F7556}") = "P02_DatabaseFirst", "P02_DatabaseFirst\P02_DatabaseFirst.csproj", "{B44D83E9-D6F9-43CB-A1B7-775668DF6570}"
EndProject
Project("{9A19103F-16F7-4668-BE54-9A1E7A4F7556}") = "03-EmployeesFullInfo", "03-EmployeesFullInfo\03-EmployeesFullInfo.csproj", "{87C10C45-77B7-46D6-B4B4-56776439406A}"
EndProject
Project("{9A19103F-16F7-4668-BE54-9A1E7A4F7556}") = "04-EmplWithSalaryOver50k", "04-EmplWithSalaryOver50k\04-EmplWithSalaryOver50k.csproj", "{7473D2AD-0615-4D23-8D31-6F362F0EDE2A}"
EndProject
Project("{9A19103F-16F7-4668-BE54-9A1E7A4F7556}") = "05-EmplFromDepartments", "05-EmplFromDepartments\05-EmplFromDepartments.csproj", "{68DFAACE-B40A-44E6-BA57-D747D1A24E6A}"
EndProject
Project("{9A19103F-16F7-4668-BE54-9A1E7A4F7556}") = "06-AddAddressUpdEmpl", "06-AddAddressUpdEmpl\06-AddAddressUpdEmpl.csproj", "{2C7EE05E-8244-4C22-9C96-9CA64C7C7E2B}"
EndProject
Project("{9A19103F-16F7-4668-BE54-9A1E7A4F7556}") = "07-EmployeesAndProjects", "07-EmployeesAndProjects\07-EmployeesAndProjects.csproj", "{FB8A0EAF-0613-4576-8496-7F03B65A6475}"
EndProject
Project("{9A19103F-16F7-4668-BE54-9A1E7A4F7556}") = "08-AddressesByTown", "08-AddressesByTown\08-AddressesByTown.csproj", "{986C1390-D703-4B09-B69D-17672F23D4EF}"
EndProject
Project("{FAE04EC0-301F-11D3-BF4B-00C04F79EFBC}") = "09-Employee147", "09-Employee147\09-Employee147.csproj", "{AE73A226-1E80-4018-82AF-02CAA33461FD}"
EndProject
Project("{FAE04EC0-301F-11D3-BF4B-00C04F79EFBC}") = "10-DepsWithMoreThan5Empl", "10-DepsWithMoreThan5Empl\10-DepsWithMoreThan5Empl.csproj", "{151F56CE-2D73-4611-89E9-448E03341BB0}"
EndProject
Project("{FAE04EC0-301F-11D3-BF4B-00C04F79EFBC}") = "11-FindLatest10Projs", "11-FindLatest10Projs\11-FindLatest10Projs.csproj", "{3F35B491-A2D9-4B16-B157-8D1501E0303A}"
EndProject
Project("{FAE04EC0-301F-11D3-BF4B-00C04F79EFBC}") = "12-IncreaseSalaries", "12-IncreaseSalaries\12-IncreaseSalaries.csproj", "{5F31B535-9977-4C53-8EAC-5918A250AE3E}"
EndProject
Project("{FAE04EC0-301F-11D3-BF4B-00C04F79EFBC}") = "13-FindEmployees", "13-FindEmployees\13-FindEmployees.csproj", "{93205883-699C-4641-9AF2-3E49EA67C933}"
EndProject
Project("{FAE04EC0-301F-11D3-BF4B-00C04F79EFBC}") = "14-DeleteProjectById", "14-DeleteProjectById\14-DeleteProjectById.csproj", "{4EB70F4A-C5F9-4D09-BF97-D5C5A7977FA5}"
EndProject
Project("{FAE04EC0-301F-11D3-BF4B-00C04F79EFBC}") = "15-RemoveTowns", "15-RemoveTowns\15-RemoveTowns.csproj", "{C4124A50-F1E8-4D58-9B84-26A27E67F6D1}"
EndProject
Global
	GlobalSection(SolutionConfigurationPlatforms) = preSolution
		Debug|Any CPU = Debug|Any CPU
		Release|Any CPU = Release|Any CPU
	EndGlobalSection
	GlobalSection(ProjectConfigurationPlatforms) = postSolution
		{B44D83E9-D6F9-43CB-A1B7-775668DF6570}.Debug|Any CPU.ActiveCfg = Debug|Any CPU
		{B44D83E9-D6F9-43CB-A1B7-775668DF6570}.Debug|Any CPU.Build.0 = Debug|Any CPU
		{B44D83E9-D6F9-43CB-A1B7-775668DF6570}.Release|Any CPU.ActiveCfg = Release|Any CPU
		{B44D83E9-D6F9-43CB-A1B7-775668DF6570}.Release|Any CPU.Build.0 = Release|Any CPU
		{87C10C45-77B7-46D6-B4B4-56776439406A}.Debug|Any CPU.ActiveCfg = Debug|Any CPU
		{87C10C45-77B7-46D6-B4B4-56776439406A}.Debug|Any CPU.Build.0 = Debug|Any CPU
		{87C10C45-77B7-46D6-B4B4-56776439406A}.Release|Any CPU.ActiveCfg = Release|Any CPU
		{87C10C45-77B7-46D6-B4B4-56776439406A}.Release|Any CPU.Build.0 = Release|Any CPU
		{7473D2AD-0615-4D23-8D31-6F362F0EDE2A}.Debug|Any CPU.ActiveCfg = Debug|Any CPU
		{7473D2AD-0615-4D23-8D31-6F362F0EDE2A}.Debug|Any CPU.Build.0 = Debug|Any CPU
		{7473D2AD-0615-4D23-8D31-6F362F0EDE2A}.Release|Any CPU.ActiveCfg = Release|Any CPU
		{7473D2AD-0615-4D23-8D31-6F362F0EDE2A}.Release|Any CPU.Build.0 = Release|Any CPU
		{68DFAACE-B40A-44E6-BA57-D747D1A24E6A}.Debug|Any CPU.ActiveCfg = Debug|Any CPU
		{68DFAACE-B40A-44E6-BA57-D747D1A24E6A}.Debug|Any CPU.Build.0 = Debug|Any CPU
		{68DFAACE-B40A-44E6-BA57-D747D1A24E6A}.Release|Any CPU.ActiveCfg = Release|Any CPU
		{68DFAACE-B40A-44E6-BA57-D747D1A24E6A}.Release|Any CPU.Build.0 = Release|Any CPU
		{2C7EE05E-8244-4C22-9C96-9CA64C7C7E2B}.Debug|Any CPU.ActiveCfg = Debug|Any CPU
		{2C7EE05E-8244-4C22-9C96-9CA64C7C7E2B}.Debug|Any CPU.Build.0 = Debug|Any CPU
		{2C7EE05E-8244-4C22-9C96-9CA64C7C7E2B}.Release|Any CPU.ActiveCfg = Release|Any CPU
		{2C7EE05E-8244-4C22-9C96-9CA64C7C7E2B}.Release|Any CPU.Build.0 = Release|Any CPU
		{FB8A0EAF-0613-4576-8496-7F03B65A6475}.Debug|Any CPU.ActiveCfg = Debug|Any CPU
		{FB8A0EAF-0613-4576-8496-7F03B65A6475}.Debug|Any CPU.Build.0 = Debug|Any CPU
		{FB8A0EAF-0613-4576-8496-7F03B65A6475}.Release|Any CPU.ActiveCfg = Release|Any CPU
		{FB8A0EAF-0613-4576-8496-7F03B65A6475}.Release|Any CPU.Build.0 = Release|Any CPU
		{986C1390-D703-4B09-B69D-17672F23D4EF}.Debug|Any CPU.ActiveCfg = Debug|Any CPU
		{986C1390-D703-4B09-B69D-17672F23D4EF}.Debug|Any CPU.Build.0 = Debug|Any CPU
		{986C1390-D703-4B09-B69D-17672F23D4EF}.Release|Any CPU.ActiveCfg = Release|Any CPU
		{986C1390-D703-4B09-B69D-17672F23D4EF}.Release|Any CPU.Build.0 = Release|Any CPU
		{AE73A226-1E80-4018-82AF-02CAA33461FD}.Debug|Any CPU.ActiveCfg = Debug|Any CPU
		{AE73A226-1E80-4018-82AF-02CAA33461FD}.Debug|Any CPU.Build.0 = Debug|Any CPU
		{AE73A226-1E80-4018-82AF-02CAA33461FD}.Release|Any CPU.ActiveCfg = Release|Any CPU
		{AE73A226-1E80-4018-82AF-02CAA33461FD}.Release|Any CPU.Build.0 = Release|Any CPU
		{151F56CE-2D73-4611-89E9-448E03341BB0}.Debug|Any CPU.ActiveCfg = Debug|Any CPU
		{151F56CE-2D73-4611-89E9-448E03341BB0}.Debug|Any CPU.Build.0 = Debug|Any CPU
		{151F56CE-2D73-4611-89E9-448E03341BB0}.Release|Any CPU.ActiveCfg = Release|Any CPU
		{151F56CE-2D73-4611-89E9-448E03341BB0}.Release|Any CPU.Build.0 = Release|Any CPU
		{3F35B491-A2D9-4B16-B157-8D1501E0303A}.Debug|Any CPU.ActiveCfg = Debug|Any CPU
		{3F35B491-A2D9-4B16-B157-8D1501E0303A}.Debug|Any CPU.Build.0 = Debug|Any CPU
		{3F35B491-A2D9-4B16-B157-8D1501E0303A}.Release|Any CPU.ActiveCfg = Release|Any CPU
		{3F35B491-A2D9-4B16-B157-8D1501E0303A}.Release|Any CPU.Build.0 = Release|Any CPU
		{5F31B535-9977-4C53-8EAC-5918A250AE3E}.Debug|Any CPU.ActiveCfg = Debug|Any CPU
		{5F31B535-9977-4C53-8EAC-5918A250AE3E}.Debug|Any CPU.Build.0 = Debug|Any CPU
		{5F31B535-9977-4C53-8EAC-5918A250AE3E}.Release|Any CPU.ActiveCfg = Release|Any CPU
		{5F31B535-9977-4C53-8EAC-5918A250AE3E}.Release|Any CPU.Build.0 = Release|Any CPU
		{93205883-699C-4641-9AF2-3E49EA67C933}.Debug|Any CPU.ActiveCfg = Debug|Any CPU
		{93205883-699C-4641-9AF2-3E49EA67C933}.Debug|Any CPU.Build.0 = Debug|Any CPU
		{93205883-699C-4641-9AF2-3E49EA67C933}.Release|Any CPU.ActiveCfg = Release|Any CPU
		{93205883-699C-4641-9AF2-3E49EA67C933}.Release|Any CPU.Build.0 = Release|Any CPU
		{4EB70F4A-C5F9-4D09-BF97-D5C5A7977FA5}.Debug|Any CPU.ActiveCfg = Debug|Any CPU
		{4EB70F4A-C5F9-4D09-BF97-D5C5A7977FA5}.Debug|Any CPU.Build.0 = Debug|Any CPU
		{4EB70F4A-C5F9-4D09-BF97-D5C5A7977FA5}.Release|Any CPU.ActiveCfg = Release|Any CPU
		{4EB70F4A-C5F9-4D09-BF97-D5C5A7977FA5}.Release|Any CPU.Build.0 = Release|Any CPU
		{C4124A50-F1E8-4D58-9B84-26A27E67F6D1}.Debug|Any CPU.ActiveCfg = Debug|Any CPU
		{C4124A50-F1E8-4D58-9B84-26A27E67F6D1}.Debug|Any CPU.Build.0 = Debug|Any CPU
		{C4124A50-F1E8-4D58-9B84-26A27E67F6D1}.Release|Any CPU.ActiveCfg = Release|Any CPU
		{C4124A50-F1E8-4D58-9B84-26A27E67F6D1}.Release|Any CPU.Build.0 = Release|Any CPU
	EndGlobalSection
	GlobalSection(SolutionProperties) = preSolution
		HideSolutionNode = FALSE
	EndGlobalSection
	GlobalSection(ExtensibilityGlobals) = postSolution
		SolutionGuid = {647DE8A7-C3FA-4D52-AD0C-162B3F4CCD08}
	EndGlobalSection
EndGlobal
